// !$*UTF8*$!
{
	archiveVersion = 1;
	classes = {
	};
	objectVersion = 50;
	objects = {

/* Begin PBXBuildFile section */
		6BD3DB4E214D55C1003821A4 /* AppDelegate.swift in Sources */ = {isa = PBXBuildFile; fileRef = 6BD3DB4D214D55C1003821A4 /* AppDelegate.swift */; };
		6BD3DB50214D55C1003821A4 /* MainViewController.swift in Sources */ = {isa = PBXBuildFile; fileRef = 6BD3DB4F214D55C1003821A4 /* MainViewController.swift */; };
		6BD3DB53214D55C1003821A4 /* Main.storyboard in Resources */ = {isa = PBXBuildFile; fileRef = 6BD3DB51214D55C1003821A4 /* Main.storyboard */; };
		6BD3DB55214D55C3003821A4 /* Assets.xcassets in Resources */ = {isa = PBXBuildFile; fileRef = 6BD3DB54214D55C3003821A4 /* Assets.xcassets */; };
		6BD3DB58214D55C3003821A4 /* LaunchScreen.storyboard in Resources */ = {isa = PBXBuildFile; fileRef = 6BD3DB56214D55C3003821A4 /* LaunchScreen.storyboard */; };
		6BD3DB63214D55C3003821A4 /* chainplayOverlayMockTests.swift in Sources */ = {isa = PBXBuildFile; fileRef = 6BD3DB62214D55C3003821A4 /* chainplayOverlayMockTests.swift */; };
		6BD3DB6E214D55C3003821A4 /* chainplayOverlayMockUITests.swift in Sources */ = {isa = PBXBuildFile; fileRef = 6BD3DB6D214D55C3003821A4 /* chainplayOverlayMockUITests.swift */; };
		6BD3DB81214DF2C3003821A4 /* VideoListTableViewController.swift in Sources */ = {isa = PBXBuildFile; fileRef = 6BD3DB80214DF2C3003821A4 /* VideoListTableViewController.swift */; };
		6BD3DB87214EBACD003821A4 /* IMG_0513.mp4 in Resources */ = {isa = PBXBuildFile; fileRef = 6BD3DB86214EBACD003821A4 /* IMG_0513.mp4 */; };
		6BD3DB89214F1635003821A4 /* VideoListTableViewCell.swift in Sources */ = {isa = PBXBuildFile; fileRef = 6BD3DB88214F1635003821A4 /* VideoListTableViewCell.swift */; };
		6BD3DB8D214F3C2D003821A4 /* OHVideoPlayer.swift in Sources */ = {isa = PBXBuildFile; fileRef = 6BD3DB8C214F3C2D003821A4 /* OHVideoPlayer.swift */; };
/* End PBXBuildFile section */

/* Begin PBXContainerItemProxy section */
		6BD3DB5F214D55C3003821A4 /* PBXContainerItemProxy */ = {
			isa = PBXContainerItemProxy;
			containerPortal = 6BD3DB42214D55C1003821A4 /* Project object */;
			proxyType = 1;
			remoteGlobalIDString = 6BD3DB49214D55C1003821A4;
			remoteInfo = chainplayOverlayMock;
		};
		6BD3DB6A214D55C3003821A4 /* PBXContainerItemProxy */ = {
			isa = PBXContainerItemProxy;
			containerPortal = 6BD3DB42214D55C1003821A4 /* Project object */;
			proxyType = 1;
			remoteGlobalIDString = 6BD3DB49214D55C1003821A4;
			remoteInfo = chainplayOverlayMock;
		};
/* End PBXContainerItemProxy section */

/* Begin PBXFileReference section */
		6BD3DB4A214D55C1003821A4 /* chainplayOverlayMock.app */ = {isa = PBXFileReference; explicitFileType = wrapper.application; includeInIndex = 0; path = chainplayOverlayMock.app; sourceTree = BUILT_PRODUCTS_DIR; };
		6BD3DB4D214D55C1003821A4 /* AppDelegate.swift */ = {isa = PBXFileReference; lastKnownFileType = sourcecode.swift; path = AppDelegate.swift; sourceTree = "<group>"; };
		6BD3DB4F214D55C1003821A4 /* MainViewController.swift */ = {isa = PBXFileReference; lastKnownFileType = sourcecode.swift; path = MainViewController.swift; sourceTree = "<group>"; };
		6BD3DB52214D55C1003821A4 /* Base */ = {isa = PBXFileReference; lastKnownFileType = file.storyboard; name = Base; path = Base.lproj/Main.storyboard; sourceTree = "<group>"; };
		6BD3DB54214D55C3003821A4 /* Assets.xcassets */ = {isa = PBXFileReference; lastKnownFileType = folder.assetcatalog; path = Assets.xcassets; sourceTree = "<group>"; };
		6BD3DB57214D55C3003821A4 /* Base */ = {isa = PBXFileReference; lastKnownFileType = file.storyboard; name = Base; path = Base.lproj/LaunchScreen.storyboard; sourceTree = "<group>"; };
		6BD3DB59214D55C3003821A4 /* Info.plist */ = {isa = PBXFileReference; lastKnownFileType = text.plist.xml; path = Info.plist; sourceTree = "<group>"; };
		6BD3DB5E214D55C3003821A4 /* chainplayOverlayMockTests.xctest */ = {isa = PBXFileReference; explicitFileType = wrapper.cfbundle; includeInIndex = 0; path = chainplayOverlayMockTests.xctest; sourceTree = BUILT_PRODUCTS_DIR; };
		6BD3DB62214D55C3003821A4 /* chainplayOverlayMockTests.swift */ = {isa = PBXFileReference; lastKnownFileType = sourcecode.swift; path = chainplayOverlayMockTests.swift; sourceTree = "<group>"; };
		6BD3DB64214D55C3003821A4 /* Info.plist */ = {isa = PBXFileReference; lastKnownFileType = text.plist.xml; path = Info.plist; sourceTree = "<group>"; };
		6BD3DB69214D55C3003821A4 /* chainplayOverlayMockUITests.xctest */ = {isa = PBXFileReference; explicitFileType = wrapper.cfbundle; includeInIndex = 0; path = chainplayOverlayMockUITests.xctest; sourceTree = BUILT_PRODUCTS_DIR; };
		6BD3DB6D214D55C3003821A4 /* chainplayOverlayMockUITests.swift */ = {isa = PBXFileReference; lastKnownFileType = sourcecode.swift; path = chainplayOverlayMockUITests.swift; sourceTree = "<group>"; };
		6BD3DB6F214D55C3003821A4 /* Info.plist */ = {isa = PBXFileReference; lastKnownFileType = text.plist.xml; path = Info.plist; sourceTree = "<group>"; };
		6BD3DB80214DF2C3003821A4 /* VideoListTableViewController.swift */ = {isa = PBXFileReference; lastKnownFileType = sourcecode.swift; path = VideoListTableViewController.swift; sourceTree = "<group>"; };
		6BD3DB86214EBACD003821A4 /* IMG_0513.mp4 */ = {isa = PBXFileReference; lastKnownFileType = file; path = IMG_0513.mp4; sourceTree = "<group>"; };
		6BD3DB88214F1635003821A4 /* VideoListTableViewCell.swift */ = {isa = PBXFileReference; lastKnownFileType = sourcecode.swift; path = VideoListTableViewCell.swift; sourceTree = "<group>"; };
		6BD3DB8C214F3C2D003821A4 /* OHVideoPlayer.swift */ = {isa = PBXFileReference; fileEncoding = 4; lastKnownFileType = sourcecode.swift; path = OHVideoPlayer.swift; sourceTree = "<group>"; };
/* End PBXFileReference section */

/* Begin PBXFrameworksBuildPhase section */
		6BD3DB47214D55C1003821A4 /* Frameworks */ = {
			isa = PBXFrameworksBuildPhase;
			buildActionMask = 2147483647;
			files = (
			);
			runOnlyForDeploymentPostprocessing = 0;
		};
		6BD3DB5B214D55C3003821A4 /* Frameworks */ = {
			isa = PBXFrameworksBuildPhase;
			buildActionMask = 2147483647;
			files = (
			);
			runOnlyForDeploymentPostprocessing = 0;
		};
		6BD3DB66214D55C3003821A4 /* Frameworks */ = {
			isa = PBXFrameworksBuildPhase;
			buildActionMask = 2147483647;
			files = (
			);
			runOnlyForDeploymentPostprocessing = 0;
		};
/* End PBXFrameworksBuildPhase section */

/* Begin PBXGroup section */
		6BD3DB41214D55C1003821A4 = {
			isa = PBXGroup;
			children = (
				6BD3DB86214EBACD003821A4 /* IMG_0513.mp4 */,
				6BD3DB4C214D55C1003821A4 /* chainplayOverlayMock */,
				6BD3DB61214D55C3003821A4 /* chainplayOverlayMockTests */,
				6BD3DB6C214D55C3003821A4 /* chainplayOverlayMockUITests */,
				6BD3DB4B214D55C1003821A4 /* Products */,
			);
			sourceTree = "<group>";
		};
		6BD3DB4B214D55C1003821A4 /* Products */ = {
			isa = PBXGroup;
			children = (
				6BD3DB4A214D55C1003821A4 /* chainplayOverlayMock.app */,
				6BD3DB5E214D55C3003821A4 /* chainplayOverlayMockTests.xctest */,
				6BD3DB69214D55C3003821A4 /* chainplayOverlayMockUITests.xctest */,
			);
			name = Products;
			sourceTree = "<group>";
		};
		6BD3DB4C214D55C1003821A4 /* chainplayOverlayMock */ = {
			isa = PBXGroup;
			children = (
				6BD3DB7F214DF2A3003821A4 /* VideoList */,
				6BD3DB7E214DF298003821A4 /* VideoPlayer */,
				6BD3DB4D214D55C1003821A4 /* AppDelegate.swift */,
				6BD3DB4F214D55C1003821A4 /* MainViewController.swift */,
				6BD3DB51214D55C1003821A4 /* Main.storyboard */,
				6BD3DB54214D55C3003821A4 /* Assets.xcassets */,
				6BD3DB56214D55C3003821A4 /* LaunchScreen.storyboard */,
				6BD3DB59214D55C3003821A4 /* Info.plist */,
			);
			path = chainplayOverlayMock;
			sourceTree = "<group>";
		};
		6BD3DB61214D55C3003821A4 /* chainplayOverlayMockTests */ = {
			isa = PBXGroup;
			children = (
				6BD3DB62214D55C3003821A4 /* chainplayOverlayMockTests.swift */,
				6BD3DB64214D55C3003821A4 /* Info.plist */,
			);
			path = chainplayOverlayMockTests;
			sourceTree = "<group>";
		};
		6BD3DB6C214D55C3003821A4 /* chainplayOverlayMockUITests */ = {
			isa = PBXGroup;
			children = (
				6BD3DB6D214D55C3003821A4 /* chainplayOverlayMockUITests.swift */,
				6BD3DB6F214D55C3003821A4 /* Info.plist */,
			);
			path = chainplayOverlayMockUITests;
			sourceTree = "<group>";
		};
		6BD3DB7E214DF298003821A4 /* VideoPlayer */ = {
			isa = PBXGroup;
			children = (
				6BD3DB8C214F3C2D003821A4 /* OHVideoPlayer.swift */,
			);
			path = VideoPlayer;
			sourceTree = "<group>";
		};
		6BD3DB7F214DF2A3003821A4 /* VideoList */ = {
			isa = PBXGroup;
			children = (
				6BD3DB80214DF2C3003821A4 /* VideoListTableViewController.swift */,
				6BD3DB88214F1635003821A4 /* VideoListTableViewCell.swift */,
			);
			path = VideoList;
			sourceTree = "<group>";
		};
/* End PBXGroup section */

/* Begin PBXNativeTarget section */
		6BD3DB49214D55C1003821A4 /* chainplayOverlayMock */ = {
			isa = PBXNativeTarget;
			buildConfigurationList = 6BD3DB72214D55C3003821A4 /* Build configuration list for PBXNativeTarget "chainplayOverlayMock" */;
			buildPhases = (
				6BD3DB46214D55C1003821A4 /* Sources */,
				6BD3DB47214D55C1003821A4 /* Frameworks */,
				6BD3DB48214D55C1003821A4 /* Resources */,
			);
			buildRules = (
			);
			dependencies = (
			);
			name = chainplayOverlayMock;
			productName = chainplayOverlayMock;
			productReference = 6BD3DB4A214D55C1003821A4 /* chainplayOverlayMock.app */;
			productType = "com.apple.product-type.application";
		};
		6BD3DB5D214D55C3003821A4 /* chainplayOverlayMockTests */ = {
			isa = PBXNativeTarget;
			buildConfigurationList = 6BD3DB75214D55C3003821A4 /* Build configuration list for PBXNativeTarget "chainplayOverlayMockTests" */;
			buildPhases = (
				6BD3DB5A214D55C3003821A4 /* Sources */,
				6BD3DB5B214D55C3003821A4 /* Frameworks */,
				6BD3DB5C214D55C3003821A4 /* Resources */,
			);
			buildRules = (
			);
			dependencies = (
				6BD3DB60214D55C3003821A4 /* PBXTargetDependency */,
			);
			name = chainplayOverlayMockTests;
			productName = chainplayOverlayMockTests;
			productReference = 6BD3DB5E214D55C3003821A4 /* chainplayOverlayMockTests.xctest */;
			productType = "com.apple.product-type.bundle.unit-test";
		};
		6BD3DB68214D55C3003821A4 /* chainplayOverlayMockUITests */ = {
			isa = PBXNativeTarget;
			buildConfigurationList = 6BD3DB78214D55C3003821A4 /* Build configuration list for PBXNativeTarget "chainplayOverlayMockUITests" */;
			buildPhases = (
				6BD3DB65214D55C3003821A4 /* Sources */,
				6BD3DB66214D55C3003821A4 /* Frameworks */,
				6BD3DB67214D55C3003821A4 /* Resources */,
			);
			buildRules = (
			);
			dependencies = (
				6BD3DB6B214D55C3003821A4 /* PBXTargetDependency */,
			);
			name = chainplayOverlayMockUITests;
			productName = chainplayOverlayMockUITests;
			productReference = 6BD3DB69214D55C3003821A4 /* chainplayOverlayMockUITests.xctest */;
			productType = "com.apple.product-type.bundle.ui-testing";
		};
/* End PBXNativeTarget section */

/* Begin PBXProject section */
		6BD3DB42214D55C1003821A4 /* Project object */ = {
			isa = PBXProject;
			attributes = {
				LastSwiftUpdateCheck = 0940;
				LastUpgradeCheck = 0940;
				ORGANIZATIONNAME = "Oliver Han";
				TargetAttributes = {
					6BD3DB49214D55C1003821A4 = {
						CreatedOnToolsVersion = 9.4.1;
					};
					6BD3DB5D214D55C3003821A4 = {
						CreatedOnToolsVersion = 9.4.1;
						TestTargetID = 6BD3DB49214D55C1003821A4;
					};
					6BD3DB68214D55C3003821A4 = {
						CreatedOnToolsVersion = 9.4.1;
						TestTargetID = 6BD3DB49214D55C1003821A4;
					};
				};
			};
			buildConfigurationList = 6BD3DB45214D55C1003821A4 /* Build configuration list for PBXProject "chainplayOverlayMock" */;
			compatibilityVersion = "Xcode 9.3";
			developmentRegion = en;
			hasScannedForEncodings = 0;
			knownRegions = (
				en,
				Base,
			);
			mainGroup = 6BD3DB41214D55C1003821A4;
			productRefGroup = 6BD3DB4B214D55C1003821A4 /* Products */;
			projectDirPath = "";
			projectRoot = "";
			targets = (
				6BD3DB49214D55C1003821A4 /* chainplayOverlayMock */,
				6BD3DB5D214D55C3003821A4 /* chainplayOverlayMockTests */,
				6BD3DB68214D55C3003821A4 /* chainplayOverlayMockUITests */,
			);
		};
/* End PBXProject section */

/* Begin PBXResourcesBuildPhase section */
		6BD3DB48214D55C1003821A4 /* Resources */ = {
			isa = PBXResourcesBuildPhase;
			buildActionMask = 2147483647;
			files = (
				6BD3DB58214D55C3003821A4 /* LaunchScreen.storyboard in Resources */,
				6BD3DB55214D55C3003821A4 /* Assets.xcassets in Resources */,
				6BD3DB53214D55C1003821A4 /* Main.storyboard in Resources */,
				6BD3DB87214EBACD003821A4 /* IMG_0513.mp4 in Resources */,
			);
			runOnlyForDeploymentPostprocessing = 0;
		};
		6BD3DB5C214D55C3003821A4 /* Resources */ = {
			isa = PBXResourcesBuildPhase;
			buildActionMask = 2147483647;
			files = (
			);
			runOnlyForDeploymentPostprocessing = 0;
		};
		6BD3DB67214D55C3003821A4 /* Resources */ = {
			isa = PBXResourcesBuildPhase;
			buildActionMask = 2147483647;
			files = (
			);
			runOnlyForDeploymentPostprocessing = 0;
		};
/* End PBXResourcesBuildPhase section */

/* Begin PBXSourcesBuildPhase section */
		6BD3DB46214D55C1003821A4 /* Sources */ = {
			isa = PBXSourcesBuildPhase;
			buildActionMask = 2147483647;
			files = (
				6BD3DB81214DF2C3003821A4 /* VideoListTableViewController.swift in Sources */,
				6BD3DB50214D55C1003821A4 /* MainViewController.swift in Sources */,
				6BD3DB8D214F3C2D003821A4 /* OHVideoPlayer.swift in Sources */,
				6BD3DB4E214D55C1003821A4 /* AppDelegate.swift in Sources */,
				6BD3DB89214F1635003821A4 /* VideoListTableViewCell.swift in Sources */,
			);
			runOnlyForDeploymentPostprocessing = 0;
		};
		6BD3DB5A214D55C3003821A4 /* Sources */ = {
			isa = PBXSourcesBuildPhase;
			buildActionMask = 2147483647;
			files = (
				6BD3DB63214D55C3003821A4 /* chainplayOverlayMockTests.swift in Sources */,
			);
			runOnlyForDeploymentPostprocessing = 0;
		};
		6BD3DB65214D55C3003821A4 /* Sources */ = {
			isa = PBXSourcesBuildPhase;
			buildActionMask = 2147483647;
			files = (
				6BD3DB6E214D55C3003821A4 /* chainplayOverlayMockUITests.swift in Sources */,
			);
			runOnlyForDeploymentPostprocessing = 0;
		};
/* End PBXSourcesBuildPhase section */

/* Begin PBXTargetDependency section */
		6BD3DB60214D55C3003821A4 /* PBXTargetDependency */ = {
			isa = PBXTargetDependency;
			target = 6BD3DB49214D55C1003821A4 /* chainplayOverlayMock */;
			targetProxy = 6BD3DB5F214D55C3003821A4 /* PBXContainerItemProxy */;
		};
		6BD3DB6B214D55C3003821A4 /* PBXTargetDependency */ = {
			isa = PBXTargetDependency;
			target = 6BD3DB49214D55C1003821A4 /* chainplayOverlayMock */;
			targetProxy = 6BD3DB6A214D55C3003821A4 /* PBXContainerItemProxy */;
		};
/* End PBXTargetDependency section */

/* Begin PBXVariantGroup section */
		6BD3DB51214D55C1003821A4 /* Main.storyboard */ = {
			isa = PBXVariantGroup;
			children = (
				6BD3DB52214D55C1003821A4 /* Base */,
			);
			name = Main.storyboard;
			sourceTree = "<group>";
		};
		6BD3DB56214D55C3003821A4 /* LaunchScreen.storyboard */ = {
			isa = PBXVariantGroup;
			children = (
				6BD3DB57214D55C3003821A4 /* Base */,
			);
			name = LaunchScreen.storyboard;
			sourceTree = "<group>";
		};
/* End PBXVariantGroup section */

/* Begin XCBuildConfiguration section */
		6BD3DB70214D55C3003821A4 /* Debug */ = {
			isa = XCBuildConfiguration;
			buildSettings = {
				ALWAYS_SEARCH_USER_PATHS = NO;
				CLANG_ANALYZER_NONNULL = YES;
				CLANG_ANALYZER_NUMBER_OBJECT_CONVERSION = YES_AGGRESSIVE;
				CLANG_CXX_LANGUAGE_STANDARD = "gnu++14";
				CLANG_CXX_LIBRARY = "libc++";
				CLANG_ENABLE_MODULES = YES;
				CLANG_ENABLE_OBJC_ARC = YES;
				CLANG_ENABLE_OBJC_WEAK = YES;
				CLANG_WARN_BLOCK_CAPTURE_AUTORELEASING = YES;
				CLANG_WARN_BOOL_CONVERSION = YES;
				CLANG_WARN_COMMA = YES;
				CLANG_WARN_CONSTANT_CONVERSION = YES;
				CLANG_WARN_DEPRECATED_OBJC_IMPLEMENTATIONS = YES;
				CLANG_WARN_DIRECT_OBJC_ISA_USAGE = YES_ERROR;
				CLANG_WARN_DOCUMENTATION_COMMENTS = YES;
				CLANG_WARN_EMPTY_BODY = YES;
				CLANG_WARN_ENUM_CONVERSION = YES;
				CLANG_WARN_INFINITE_RECURSION = YES;
				CLANG_WARN_INT_CONVERSION = YES;
				CLANG_WARN_NON_LITERAL_NULL_CONVERSION = YES;
				CLANG_WARN_OBJC_IMPLICIT_RETAIN_SELF = YES;
				CLANG_WARN_OBJC_LITERAL_CONVERSION = YES;
				CLANG_WARN_OBJC_ROOT_CLASS = YES_ERROR;
				CLANG_WARN_RANGE_LOOP_ANALYSIS = YES;
				CLANG_WARN_STRICT_PROTOTYPES = YES;
				CLANG_WARN_SUSPICIOUS_MOVE = YES;
				CLANG_WARN_UNGUARDED_AVAILABILITY = YES_AGGRESSIVE;
				CLANG_WARN_UNREACHABLE_CODE = YES;
				CLANG_WARN__DUPLICATE_METHOD_MATCH = YES;
				CODE_SIGN_IDENTITY = "iPhone Developer";
				COPY_PHASE_STRIP = NO;
				DEBUG_INFORMATION_FORMAT = dwarf;
				ENABLE_STRICT_OBJC_MSGSEND = YES;
				ENABLE_TESTABILITY = YES;
				GCC_C_LANGUAGE_STANDARD = gnu11;
				GCC_DYNAMIC_NO_PIC = NO;
				GCC_NO_COMMON_BLOCKS = YES;
				GCC_OPTIMIZATION_LEVEL = 0;
				GCC_PREPROCESSOR_DEFINITIONS = (
					"DEBUG=1",
					"$(inherited)",
				);
				GCC_WARN_64_TO_32_BIT_CONVERSION = YES;
				GCC_WARN_ABOUT_RETURN_TYPE = YES_ERROR;
				GCC_WARN_UNDECLARED_SELECTOR = YES;
				GCC_WARN_UNINITIALIZED_AUTOS = YES_AGGRESSIVE;
				GCC_WARN_UNUSED_FUNCTION = YES;
				GCC_WARN_UNUSED_VARIABLE = YES;
				IPHONEOS_DEPLOYMENT_TARGET = 11.4;
				MTL_ENABLE_DEBUG_INFO = YES;
				ONLY_ACTIVE_ARCH = YES;
				SDKROOT = iphoneos;
				SWIFT_ACTIVE_COMPILATION_CONDITIONS = DEBUG;
				SWIFT_OPTIMIZATION_LEVEL = "-Onone";
			};
			name = Debug;
		};
		6BD3DB71214D55C3003821A4 /* Release */ = {
			isa = XCBuildConfiguration;
			buildSettings = {
				ALWAYS_SEARCH_USER_PATHS = NO;
				CLANG_ANALYZER_NONNULL = YES;
				CLANG_ANALYZER_NUMBER_OBJECT_CONVERSION = YES_AGGRESSIVE;
				CLANG_CXX_LANGUAGE_STANDARD = "gnu++14";
				CLANG_CXX_LIBRARY = "libc++";
				CLANG_ENABLE_MODULES = YES;
				CLANG_ENABLE_OBJC_ARC = YES;
				CLANG_ENABLE_OBJC_WEAK = YES;
				CLANG_WARN_BLOCK_CAPTURE_AUTORELEASING = YES;
				CLANG_WARN_BOOL_CONVERSION = YES;
				CLANG_WARN_COMMA = YES;
				CLANG_WARN_CONSTANT_CONVERSION = YES;
				CLANG_WARN_DEPRECATED_OBJC_IMPLEMENTATIONS = YES;
				CLANG_WARN_DIRECT_OBJC_ISA_USAGE = YES_ERROR;
				CLANG_WARN_DOCUMENTATION_COMMENTS = YES;
				CLANG_WARN_EMPTY_BODY = YES;
				CLANG_WARN_ENUM_CONVERSION = YES;
				CLANG_WARN_INFINITE_RECURSION = YES;
				CLANG_WARN_INT_CONVERSION = YES;
				CLANG_WARN_NON_LITERAL_NULL_CONVERSION = YES;
				CLANG_WARN_OBJC_IMPLICIT_RETAIN_SELF = YES;
				CLANG_WARN_OBJC_LITERAL_CONVERSION = YES;
				CLANG_WARN_OBJC_ROOT_CLASS = YES_ERROR;
				CLANG_WARN_RANGE_LOOP_ANALYSIS = YES;
				CLANG_WARN_STRICT_PROTOTYPES = YES;
				CLANG_WARN_SUSPICIOUS_MOVE = YES;
				CLANG_WARN_UNGUARDED_AVAILABILITY = YES_AGGRESSIVE;
				CLANG_WARN_UNREACHABLE_CODE = YES;
				CLANG_WARN__DUPLICATE_METHOD_MATCH = YES;
				CODE_SIGN_IDENTITY = "iPhone Developer";
				COPY_PHASE_STRIP = NO;
				DEBUG_INFORMATION_FORMAT = "dwarf-with-dsym";
				ENABLE_NS_ASSERTIONS = NO;
				ENABLE_STRICT_OBJC_MSGSEND = YES;
				GCC_C_LANGUAGE_STANDARD = gnu11;
				GCC_NO_COMMON_BLOCKS = YES;
				GCC_WARN_64_TO_32_BIT_CONVERSION = YES;
				GCC_WARN_ABOUT_RETURN_TYPE = YES_ERROR;
				GCC_WARN_UNDECLARED_SELECTOR = YES;
				GCC_WARN_UNINITIALIZED_AUTOS = YES_AGGRESSIVE;
				GCC_WARN_UNUSED_FUNCTION = YES;
				GCC_WARN_UNUSED_VARIABLE = YES;
				IPHONEOS_DEPLOYMENT_TARGET = 11.4;
				MTL_ENABLE_DEBUG_INFO = NO;
				SDKROOT = iphoneos;
				SWIFT_COMPILATION_MODE = wholemodule;
				SWIFT_OPTIMIZATION_LEVEL = "-O";
				VALIDATE_PRODUCT = YES;
			};
			name = Release;
		};
		6BD3DB73214D55C3003821A4 /* Debug */ = {
			isa = XCBuildConfiguration;
			buildSettings = {
				ASSETCATALOG_COMPILER_APPICON_NAME = AppIcon;
				CODE_SIGN_STYLE = Automatic;
				DEVELOPMENT_TEAM = FSSX3SQ44S;
				INFOPLIST_FILE = chainplayOverlayMock/Info.plist;
				LD_RUNPATH_SEARCH_PATHS = (
					"$(inherited)",
					"@executable_path/Frameworks",
				);
				PRODUCT_BUNDLE_IDENTIFIER = com.oliverhan.chainplayOverlayMock;
				PRODUCT_NAME = "$(TARGET_NAME)";
				SWIFT_VERSION = 4.0;
				TARGETED_DEVICE_FAMILY = "1,2";
			};
			name = Debug;
		};
		6BD3DB74214D55C3003821A4 /* Release */ = {
			isa = XCBuildConfiguration;
			buildSettings = {
				ASSETCATALOG_COMPILER_APPICON_NAME = AppIcon;
				CODE_SIGN_STYLE = Automatic;
				DEVELOPMENT_TEAM = FSSX3SQ44S;
				INFOPLIST_FILE = chainplayOverlayMock/Info.plist;
				LD_RUNPATH_SEARCH_PATHS = (
					"$(inherited)",
					"@executable_path/Frameworks",
				);
				PRODUCT_BUNDLE_IDENTIFIER = com.oliverhan.chainplayOverlayMock;
				PRODUCT_NAME = "$(TARGET_NAME)";
				SWIFT_VERSION = 4.0;
				TARGETED_DEVICE_FAMILY = "1,2";
			};
			name = Release;
		};
		6BD3DB76214D55C3003821A4 /* Debug */ = {
			isa = XCBuildConfiguration;
			buildSettings = {
				ALWAYS_EMBED_SWIFT_STANDARD_LIBRARIES = YES;
				BUNDLE_LOADER = "$(TEST_HOST)";
				CODE_SIGN_STYLE = Automatic;
				INFOPLIST_FILE = chainplayOverlayMockTests/Info.plist;
				LD_RUNPATH_SEARCH_PATHS = (
					"$(inherited)",
					"@executable_path/Frameworks",
					"@loader_path/Frameworks",
				);
				PRODUCT_BUNDLE_IDENTIFIER = com.oliverhan.chainplayOverlayMockTests;
				PRODUCT_NAME = "$(TARGET_NAME)";
				SWIFT_VERSION = 4.0;
				TARGETED_DEVICE_FAMILY = "1,2";
				TEST_HOST = "$(BUILT_PRODUCTS_DIR)/chainplayOverlayMock.app/chainplayOverlayMock";
			};
			name = Debug;
		};
		6BD3DB77214D55C3003821A4 /* Release */ = {
			isa = XCBuildConfiguration;
			buildSettings = {
				ALWAYS_EMBED_SWIFT_STANDARD_LIBRARIES = YES;
				BUNDLE_LOADER = "$(TEST_HOST)";
				CODE_SIGN_STYLE = Automatic;
				INFOPLIST_FILE = chainplayOverlayMockTests/Info.plist;
				LD_RUNPATH_SEARCH_PATHS = (
					"$(inherited)",
					"@executable_path/Frameworks",
					"@loader_path/Frameworks",
				);
				PRODUCT_BUNDLE_IDENTIFIER = com.oliverhan.chainplayOverlayMockTests;
				PRODUCT_NAME = "$(TARGET_NAME)";
				SWIFT_VERSION = 4.0;
				TARGETED_DEVICE_FAMILY = "1,2";
				TEST_HOST = "$(BUILT_PRODUCTS_DIR)/chainplayOverlayMock.app/chainplayOverlayMock";
			};
			name = Release;
		};
		6BD3DB79214D55C3003821A4 /* Debug */ = {
			isa = XCBuildConfiguration;
			buildSettings = {
				ALWAYS_EMBED_SWIFT_STANDARD_LIBRARIES = YES;
				CODE_SIGN_STYLE = Automatic;
				INFOPLIST_FILE = chainplayOverlayMockUITests/Info.plist;
				LD_RUNPATH_SEARCH_PATHS = (
					"$(inherited)",
					"@executable_path/Frameworks",
					"@loader_path/Frameworks",
				);
				PRODUCT_BUNDLE_IDENTIFIER = com.oliverhan.chainplayOverlayMockUITests;
				PRODUCT_NAME = "$(TARGET_NAME)";
				SWIFT_VERSION = 4.0;
				TARGETED_DEVICE_FAMILY = "1,2";
				TEST_TARGET_NAME = chainplayOverlayMock;
			};
			name = Debug;
		};
		6BD3DB7A214D55C3003821A4 /* Release */ = {
			isa = XCBuildConfiguration;
			buildSettings = {
				ALWAYS_EMBED_SWIFT_STANDARD_LIBRARIES = YES;
				CODE_SIGN_STYLE = Automatic;
				INFOPLIST_FILE = chainplayOverlayMockUITests/Info.plist;
				LD_RUNPATH_SEARCH_PATHS = (
					"$(inherited)",
					"@executable_path/Frameworks",
					"@loader_path/Frameworks",
				);
				PRODUCT_BUNDLE_IDENTIFIER = com.oliverhan.chainplayOverlayMockUITests;
				PRODUCT_NAME = "$(TARGET_NAME)";
				SWIFT_VERSION = 4.0;
				TARGETED_DEVICE_FAMILY = "1,2";
				TEST_TARGET_NAME = chainplayOverlayMock;
			};
			name = Release;
		};
/* End XCBuildConfiguration section */

/* Begin XCConfigurationList section */
		6BD3DB45214D55C1003821A4 /* Build configuration list for PBXProject "chainplayOverlayMock" */ = {
			isa = XCConfigurationList;
			buildConfigurations = (
				6BD3DB70214D55C3003821A4 /* Debug */,
				6BD3DB71214D55C3003821A4 /* Release */,
			);
			defaultConfigurationIsVisible = 0;
			defaultConfigurationName = Release;
		};
		6BD3DB72214D55C3003821A4 /* Build configuration list for PBXNativeTarget "chainplayOverlayMock" */ = {
			isa = XCConfigurationList;
			buildConfigurations = (
				6BD3DB73214D55C3003821A4 /* Debug */,
				6BD3DB74214D55C3003821A4 /* Release */,
			);
			defaultConfigurationIsVisible = 0;
			defaultConfigurationName = Release;
		};
		6BD3DB75214D55C3003821A4 /* Build configuration list for PBXNativeTarget "chainplayOverlayMockTests" */ = {
			isa = XCConfigurationList;
			buildConfigurations = (
				6BD3DB76214D55C3003821A4 /* Debug */,
				6BD3DB77214D55C3003821A4 /* Release */,
			);
			defaultConfigurationIsVisible = 0;
			defaultConfigurationName = Release;
		};
		6BD3DB78214D55C3003821A4 /* Build configuration list for PBXNativeTarget "chainplayOverlayMockUITests" */ = {
			isa = XCConfigurationList;
			buildConfigurations = (
				6BD3DB79214D55C3003821A4 /* Debug */,
				6BD3DB7A214D55C3003821A4 /* Release */,
			);
			defaultConfigurationIsVisible = 0;
			defaultConfigurationName = Release;
		};
/* End XCConfigurationList section */
	};
	rootObject = 6BD3DB42214D55C1003821A4 /* Project object */;
}
